// !$*UTF8*$!
{
	archiveVersion = 1;
	classes = {
	};
	objectVersion = 48;
	objects = {

/* Begin PBXBuildFile section */
		26AC38641FDE9AEE00FDEC16 /* AppDelegate.swift in Sources */ = {isa = PBXBuildFile; fileRef = 26AC38631FDE9AEE00FDEC16 /* AppDelegate.swift */; };
		26AC38661FDE9AEE00FDEC16 /* ProfileController.swift in Sources */ = {isa = PBXBuildFile; fileRef = 26AC38651FDE9AEE00FDEC16 /* ProfileController.swift */; };
		26AC38691FDE9AEE00FDEC16 /* Main.storyboard in Resources */ = {isa = PBXBuildFile; fileRef = 26AC38671FDE9AEE00FDEC16 /* Main.storyboard */; };
		26AC386B1FDE9AEE00FDEC16 /* Assets.xcassets in Resources */ = {isa = PBXBuildFile; fileRef = 26AC386A1FDE9AEE00FDEC16 /* Assets.xcassets */; };
		26AC386E1FDE9AEE00FDEC16 /* LaunchScreen.storyboard in Resources */ = {isa = PBXBuildFile; fileRef = 26AC386C1FDE9AEE00FDEC16 /* LaunchScreen.storyboard */; };
/* End PBXBuildFile section */

/* Begin PBXFileReference section */
		26AC38601FDE9AEE00FDEC16 /* ProfilePicker.app */ = {isa = PBXFileReference; explicitFileType = wrapper.application; includeInIndex = 0; path = ProfilePicker.app; sourceTree = BUILT_PRODUCTS_DIR; };
		26AC38631FDE9AEE00FDEC16 /* AppDelegate.swift */ = {isa = PBXFileReference; lastKnownFileType = sourcecode.swift; path = AppDelegate.swift; sourceTree = "<group>"; };
		26AC38651FDE9AEE00FDEC16 /* ProfileController.swift */ = {isa = PBXFileReference; lastKnownFileType = sourcecode.swift; path = ProfileController.swift; sourceTree = "<group>"; };
		26AC38681FDE9AEE00FDEC16 /* Base */ = {isa = PBXFileReference; lastKnownFileType = file.storyboard; name = Base; path = Base.lproj/Main.storyboard; sourceTree = "<group>"; };
		26AC386A1FDE9AEE00FDEC16 /* Assets.xcassets */ = {isa = PBXFileReference; lastKnownFileType = folder.assetcatalog; path = Assets.xcassets; sourceTree = "<group>"; };
		26AC386D1FDE9AEE00FDEC16 /* Base */ = {isa = PBXFileReference; lastKnownFileType = file.storyboard; name = Base; path = Base.lproj/LaunchScreen.storyboard; sourceTree = "<group>"; };
		26AC386F1FDE9AEE00FDEC16 /* Info.plist */ = {isa = PBXFileReference; lastKnownFileType = text.plist.xml; path = Info.plist; sourceTree = "<group>"; };
/* End PBXFileReference section */

/* Begin PBXFrameworksBuildPhase section */
		26AC385D1FDE9AEE00FDEC16 /* Frameworks */ = {
			isa = PBXFrameworksBuildPhase;
			buildActionMask = 2147483647;
			files = (
			);
			runOnlyForDeploymentPostprocessing = 0;
		};
/* End PBXFrameworksBuildPhase section */

/* Begin PBXGroup section */
		26AC38571FDE9AEE00FDEC16 = {
			isa = PBXGroup;
			children = (
				26AC38621FDE9AEE00FDEC16 /* ProfilePicker */,
				26AC38611FDE9AEE00FDEC16 /* Products */,
			);
			sourceTree = "<group>";
		};
		26AC38611FDE9AEE00FDEC16 /* Products */ = {
			isa = PBXGroup;
			children = (
				26AC38601FDE9AEE00FDEC16 /* ProfilePicker.app */,
			);
			name = Products;
			sourceTree = "<group>";
		};
		26AC38621FDE9AEE00FDEC16 /* ProfilePicker */ = {
			isa = PBXGroup;
			children = (
				26AC38631FDE9AEE00FDEC16 /* AppDelegate.swift */,
				26AC38651FDE9AEE00FDEC16 /* ProfileController.swift */,
				26AC38671FDE9AEE00FDEC16 /* Main.storyboard */,
				26AC386A1FDE9AEE00FDEC16 /* Assets.xcassets */,
				26AC386C1FDE9AEE00FDEC16 /* LaunchScreen.storyboard */,
				26AC386F1FDE9AEE00FDEC16 /* Info.plist */,
			);
			path = ProfilePicker;
			sourceTree = "<group>";
		};
/* End PBXGroup section */

/* Begin PBXNativeTarget section */
		26AC385F1FDE9AEE00FDEC16 /* ProfilePicker */ = {
			isa = PBXNativeTarget;
			buildConfigurationList = 26AC38721FDE9AEE00FDEC16 /* Build configuration list for PBXNativeTarget "ProfilePicker" */;
			buildPhases = (
				26AC385C1FDE9AEE00FDEC16 /* Sources */,
				26AC385D1FDE9AEE00FDEC16 /* Frameworks */,
				26AC385E1FDE9AEE00FDEC16 /* Resources */,
			);
			buildRules = (
			);
			dependencies = (
			);
			name = ProfilePicker;
			productName = ProfilePicker;
			productReference = 26AC38601FDE9AEE00FDEC16 /* ProfilePicker.app */;
			productType = "com.apple.product-type.application";
		};
/* End PBXNativeTarget section */

/* Begin PBXProject section */
		26AC38581FDE9AEE00FDEC16 /* Project object */ = {
			isa = PBXProject;
			attributes = {
				LastSwiftUpdateCheck = 0920;
				LastUpgradeCheck = 0920;
				ORGANIZATIONNAME = nfnlabs;
				TargetAttributes = {
					26AC385F1FDE9AEE00FDEC16 = {
						CreatedOnToolsVersion = 9.2;
						ProvisioningStyle = Automatic;
					};
				};
			};
			buildConfigurationList = 26AC385B1FDE9AEE00FDEC16 /* Build configuration list for PBXProject "ProfilePicker" */;
			compatibilityVersion = "Xcode 8.0";
			developmentRegion = en;
			hasScannedForEncodings = 0;
			knownRegions = (
				en,
				Base,
			);
			mainGroup = 26AC38571FDE9AEE00FDEC16;
			productRefGroup = 26AC38611FDE9AEE00FDEC16 /* Products */;
			projectDirPath = "";
			projectRoot = "";
			targets = (
				26AC385F1FDE9AEE00FDEC16 /* ProfilePicker */,
			);
		};
/* End PBXProject section */

/* Begin PBXResourcesBuildPhase section */
		26AC385E1FDE9AEE00FDEC16 /* Resources */ = {
			isa = PBXResourcesBuildPhase;
			buildActionMask = 2147483647;
			files = (
				26AC386E1FDE9AEE00FDEC16 /* LaunchScreen.storyboard in Resources */,
				26AC386B1FDE9AEE00FDEC16 /* Assets.xcassets in Resources */,
				26AC38691FDE9AEE00FDEC16 /* Main.storyboard in Resources */,
			);
			runOnlyForDeploymentPostprocessing = 0;
		};
/* End PBXResourcesBuildPhase section */

/* Begin PBXSourcesBuildPhase section */
		26AC385C1FDE9AEE00FDEC16 /* Sources */ = {
			isa = PBXSourcesBuildPhase;
			buildActionMask = 2147483647;
			files = (
				26AC38661FDE9AEE00FDEC16 /* ProfileController.swift in Sources */,
				26AC38641FDE9AEE00FDEC16 /* AppDelegate.swift in Sources */,
			);
			runOnlyForDeploymentPostprocessing = 0;
		};
/* End PBXSourcesBuildPhase section */

/* Begin PBXVariantGroup section */
		26AC38671FDE9AEE00FDEC16 /* Main.storyboard */ = {
			isa = PBXVariantGroup;
			children = (
				26AC38681FDE9AEE00FDEC16 /* Base */,
			);
			name = Main.storyboard;
			sourceTree = "<group>";
		};
		26AC386C1FDE9AEE00FDEC16 /* LaunchScreen.storyboard */ = {
			isa = PBXVariantGroup;
			children = (
				26AC386D1FDE9AEE00FDEC16 /* Base */,
			);
			name = LaunchScreen.storyboard;
			sourceTree = "<group>";
		};
/* End PBXVariantGroup section */

/* Begin XCBuildConfiguration section */
		26AC38701FDE9AEE00FDEC16 /* Debug */ = {
			isa = XCBuildConfiguration;
			buildSettings = {
				ALWAYS_SEARCH_USER_PATHS = NO;
				CLANG_ANALYZER_NONNULL = YES;
				CLANG_ANALYZER_NUMBER_OBJECT_CONVERSION = YES_AGGRESSIVE;
				CLANG_CXX_LANGUAGE_STANDARD = "gnu++14";
				CLANG_CXX_LIBRARY = "libc++";
				CLANG_ENABLE_MODULES = YES;
				CLANG_ENABLE_OBJC_ARC = YES;
				CLANG_WARN_BLOCK_CAPTURE_AUTORELEASING = YES;
				CLANG_WARN_BOOL_CONVERSION = YES;
				CLANG_WARN_COMMA = YES;
				CLANG_WARN_CONSTANT_CONVERSION = YES;
				CLANG_WARN_DIRECT_OBJC_ISA_USAGE = YES_ERROR;
				CLANG_WARN_DOCUMENTATION_COMMENTS = YES;
				CLANG_WARN_EMPTY_BODY = YES;
				CLANG_WARN_ENUM_CONVERSION = YES;
				CLANG_WARN_INFINITE_RECURSION = YES;
				CLANG_WARN_INT_CONVERSION = YES;
				CLANG_WARN_NON_LITERAL_NULL_CONVERSION = YES;
				CLANG_WARN_OBJC_LITERAL_CONVERSION = YES;
				CLANG_WARN_OBJC_ROOT_CLASS = YES_ERROR;
				CLANG_WARN_RANGE_LOOP_ANALYSIS = YES;
				CLANG_WARN_STRICT_PROTOTYPES = YES;
				CLANG_WARN_SUSPICIOUS_MOVE = YES;
				CLANG_WARN_UNGUARDED_AVAILABILITY = YES_AGGRESSIVE;
				CLANG_WARN_UNREACHABLE_CODE = YES;
				CLANG_WARN__DUPLICATE_METHOD_MATCH = YES;
				CODE_SIGN_IDENTITY = "iPhone Developer";
				COPY_PHASE_STRIP = NO;
				DEBUG_INFORMATION_FORMAT = dwarf;
				ENABLE_STRICT_OBJC_MSGSEND = YES;
				ENABLE_TESTABILITY = YES;
				GCC_C_LANGUAGE_STANDARD = gnu11;
				GCC_DYNAMIC_NO_PIC = NO;
				GCC_NO_COMMON_BLOCKS = YES;
				GCC_OPTIMIZATION_LEVEL = 0;
				GCC_PREPROCESSOR_DEFINITIONS = (
					"DEBUG=1",
					"$(inherited)",
				);
				GCC_WARN_64_TO_32_BIT_CONVERSION = YES;
				GCC_WARN_ABOUT_RETURN_TYPE = YES_ERROR;
				GCC_WARN_UNDECLARED_SELECTOR = YES;
				GCC_WARN_UNINITIALIZED_AUTOS = YES_AGGRESSIVE;
				GCC_WARN_UNUSED_FUNCTION = YES;
				GCC_WARN_UNUSED_VARIABLE = YES;
				IPHONEOS_DEPLOYMENT_TARGET = 11.2;
				MTL_ENABLE_DEBUG_INFO = YES;
				ONLY_ACTIVE_ARCH = YES;
				SDKROOT = iphoneos;
				SWIFT_ACTIVE_COMPILATION_CONDITIONS = DEBUG;
				SWIFT_OPTIMIZATION_LEVEL = "-Onone";
			};
			name = Debug;
		};
		26AC38711FDE9AEE00FDEC16 /* Release */ = {
			isa = XCBuildConfiguration;
			buildSettings = {
				ALWAYS_SEARCH_USER_PATHS = NO;
				CLANG_ANALYZER_NONNULL = YES;
				CLANG_ANALYZER_NUMBER_OBJECT_CONVERSION = YES_AGGRESSIVE;
				CLANG_CXX_LANGUAGE_STANDARD = "gnu++14";
				CLANG_CXX_LIBRARY = "libc++";
				CLANG_ENABLE_MODULES = YES;
				CLANG_ENABLE_OBJC_ARC = YES;
				CLANG_WARN_BLOCK_CAPTURE_AUTORELEASING = YES;
				CLANG_WARN_BOOL_CONVERSION = YES;
				CLANG_WARN_COMMA = YES;
				CLANG_WARN_CONSTANT_CONVERSION = YES;
				CLANG_WARN_DIRECT_OBJC_ISA_USAGE = YES_ERROR;
				CLANG_WARN_DOCUMENTATION_COMMENTS = YES;
				CLANG_WARN_EMPTY_BODY = YES;
				CLANG_WARN_ENUM_CONVERSION = YES;
				CLANG_WARN_INFINITE_RECURSION = YES;
				CLANG_WARN_INT_CONVERSION = YES;
				CLANG_WARN_NON_LITERAL_NULL_CONVERSION = YES;
				CLANG_WARN_OBJC_LITERAL_CONVERSION = YES;
				CLANG_WARN_OBJC_ROOT_CLASS = YES_ERROR;
				CLANG_WARN_RANGE_LOOP_ANALYSIS = YES;
				CLANG_WARN_STRICT_PROTOTYPES = YES;
				CLANG_WARN_SUSPICIOUS_MOVE = YES;
				CLANG_WARN_UNGUARDED_AVAILABILITY = YES_AGGRESSIVE;
				CLANG_WARN_UNREACHABLE_CODE = YES;
				CLANG_WARN__DUPLICATE_METHOD_MATCH = YES;
				CODE_SIGN_IDENTITY = "iPhone Developer";
				COPY_PHASE_STRIP = NO;
				DEBUG_INFORMATION_FORMAT = "dwarf-with-dsym";
				ENABLE_NS_ASSERTIONS = NO;
				ENABLE_STRICT_OBJC_MSGSEND = YES;
				GCC_C_LANGUAGE_STANDARD = gnu11;
				GCC_NO_COMMON_BLOCKS = YES;
				GCC_WARN_64_TO_32_BIT_CONVERSION = YES;
				GCC_WARN_ABOUT_RETURN_TYPE = YES_ERROR;
				GCC_WARN_UNDECLARED_SELECTOR = YES;
				GCC_WARN_UNINITIALIZED_AUTOS = YES_AGGRESSIVE;
				GCC_WARN_UNUSED_FUNCTION = YES;
				GCC_WARN_UNUSED_VARIABLE = YES;
				IPHONEOS_DEPLOYMENT_TARGET = 11.2;
				MTL_ENABLE_DEBUG_INFO = NO;
				SDKROOT = iphoneos;
				SWIFT_OPTIMIZATION_LEVEL = "-Owholemodule";
				VALIDATE_PRODUCT = YES;
			};
			name = Release;
		};
		26AC38731FDE9AEE00FDEC16 /* Debug */ = {
			isa = XCBuildConfiguration;
			buildSettings = {
				ASSETCATALOG_COMPILER_APPICON_NAME = AppIcon;
				CODE_SIGN_STYLE = Automatic;
				DEVELOPMENT_TEAM = EPRAJ965WT;
				INFOPLIST_FILE = ProfilePicker/Info.plist;
				LD_RUNPATH_SEARCH_PATHS = "$(inherited) @executable_path/Frameworks";
				PRODUCT_BUNDLE_IDENTIFIER = com.nfnlabs.ProfilePicker;
				PRODUCT_NAME = "$(TARGET_NAME)";
				SWIFT_VERSION = 4.0;
				TARGETED_DEVICE_FAMILY = "1,2";
			};
			name = Debug;
		};
		26AC38741FDE9AEE00FDEC16 /* Release */ = {
			isa = XCBuildConfiguration;
			buildSettings = {
				ASSETCATALOG_COMPILER_APPICON_NAME = AppIcon;
				CODE_SIGN_STYLE = Automatic;
				DEVELOPMENT_TEAM = EPRAJ965WT;
				INFOPLIST_FILE = ProfilePicker/Info.plist;
				LD_RUNPATH_SEARCH_PATHS = "$(inherited) @executable_path/Frameworks";
				PRODUCT_BUNDLE_IDENTIFIER = com.nfnlabs.ProfilePicker;
				PRODUCT_NAME = "$(TARGET_NAME)";
				SWIFT_VERSION = 4.0;
				TARGETED_DEVICE_FAMILY = "1,2";
			};
			name = Release;
		};
/* End XCBuildConfiguration section */

/* Begin XCConfigurationList section */
		26AC385B1FDE9AEE00FDEC16 /* Build configuration list for PBXProject "ProfilePicker" */ = {
			isa = XCConfigurationList;
			buildConfigurations = (
				26AC38701FDE9AEE00FDEC16 /* Debug */,
				26AC38711FDE9AEE00FDEC16 /* Release */,
			);
			defaultConfigurationIsVisible = 0;
			defaultConfigurationName = Release;
		};
		26AC38721FDE9AEE00FDEC16 /* Build configuration list for PBXNativeTarget "ProfilePicker" */ = {
			isa = XCConfigurationList;
			buildConfigurations = (
				26AC38731FDE9AEE00FDEC16 /* Debug */,
				26AC38741FDE9AEE00FDEC16 /* Release */,
			);
			defaultConfigurationIsVisible = 0;
			defaultConfigurationName = Release;
		};
/* End XCConfigurationList section */
	};
	rootObject = 26AC38581FDE9AEE00FDEC16 /* Project object */;
}
